// !$*UTF8*$!
{
	archiveVersion = 1;
	classes = {
	};
	objectVersion = 50;
	objects = {

/* Begin PBXBuildFile section */
		5389257622C6B7B8007DA3E5 /* AppDelegate.swift in Sources */ = {isa = PBXBuildFile; fileRef = 5389257522C6B7B8007DA3E5 /* AppDelegate.swift */; };
		5389257822C6B7B8007DA3E5 /* AlbumViewController.swift in Sources */ = {isa = PBXBuildFile; fileRef = 5389257722C6B7B8007DA3E5 /* AlbumViewController.swift */; };
		5389257B22C6B7B8007DA3E5 /* Main.storyboard in Resources */ = {isa = PBXBuildFile; fileRef = 5389257922C6B7B8007DA3E5 /* Main.storyboard */; };
		5389257D22C6B7B9007DA3E5 /* Assets.xcassets in Resources */ = {isa = PBXBuildFile; fileRef = 5389257C22C6B7B9007DA3E5 /* Assets.xcassets */; };
		5389258022C6B7B9007DA3E5 /* LaunchScreen.storyboard in Resources */ = {isa = PBXBuildFile; fileRef = 5389257E22C6B7B9007DA3E5 /* LaunchScreen.storyboard */; };
		5389258B22C6B7B9007DA3E5 /* itunesappTests.swift in Sources */ = {isa = PBXBuildFile; fileRef = 5389258A22C6B7B9007DA3E5 /* itunesappTests.swift */; };
		5389259622C6B7B9007DA3E5 /* itunesappUITests.swift in Sources */ = {isa = PBXBuildFile; fileRef = 5389259522C6B7B9007DA3E5 /* itunesappUITests.swift */; };
		53BD355222C6C4A30084DDC5 /* AlbumTableViewCell.swift in Sources */ = {isa = PBXBuildFile; fileRef = 53BD355122C6C4A30084DDC5 /* AlbumTableViewCell.swift */; };
		53BD355422C6C66C0084DDC5 /* FeedModel.swift in Sources */ = {isa = PBXBuildFile; fileRef = 53BD355322C6C66C0084DDC5 /* FeedModel.swift */; };
		53BD355622C6C6DE0084DDC5 /* AuthorModel.swift in Sources */ = {isa = PBXBuildFile; fileRef = 53BD355522C6C6DE0084DDC5 /* AuthorModel.swift */; };
		53BD355A22C6CA270084DDC5 /* JSONRespose.swift in Sources */ = {isa = PBXBuildFile; fileRef = 53BD355922C6CA270084DDC5 /* JSONRespose.swift */; };
		53BD355E22C6CCB50084DDC5 /* Album.swift in Sources */ = {isa = PBXBuildFile; fileRef = 53BD355D22C6CCB50084DDC5 /* Album.swift */; };
		59AA62691E1693A0320FC574 /* Pods_itunesappUITests.framework in Frameworks */ = {isa = PBXBuildFile; fileRef = 6308E4F498A52AE381852E55 /* Pods_itunesappUITests.framework */; };
		E5BD6FC4262CDDB9726F6650 /* Pods_itunesappTests.framework in Frameworks */ = {isa = PBXBuildFile; fileRef = 2FF8A06DF6206E11F755DBBA /* Pods_itunesappTests.framework */; };
		FC01E278742828C69C3AAC27 /* Pods_itunesapp.framework in Frameworks */ = {isa = PBXBuildFile; fileRef = 02210528AE0679AAE6F1703A /* Pods_itunesapp.framework */; };
/* End PBXBuildFile section */

/* Begin PBXContainerItemProxy section */
		5389258722C6B7B9007DA3E5 /* PBXContainerItemProxy */ = {
			isa = PBXContainerItemProxy;
			containerPortal = 5389256A22C6B7B8007DA3E5 /* Project object */;
			proxyType = 1;
			remoteGlobalIDString = 5389257122C6B7B8007DA3E5;
			remoteInfo = itunesapp;
		};
		5389259222C6B7B9007DA3E5 /* PBXContainerItemProxy */ = {
			isa = PBXContainerItemProxy;
			containerPortal = 5389256A22C6B7B8007DA3E5 /* Project object */;
			proxyType = 1;
			remoteGlobalIDString = 5389257122C6B7B8007DA3E5;
			remoteInfo = itunesapp;
		};
/* End PBXContainerItemProxy section */

/* Begin PBXFileReference section */
		02210528AE0679AAE6F1703A /* Pods_itunesapp.framework */ = {isa = PBXFileReference; explicitFileType = wrapper.framework; includeInIndex = 0; path = Pods_itunesapp.framework; sourceTree = BUILT_PRODUCTS_DIR; };
		1DB0084A090B4993A3913CBA /* Pods-itunesappUITests.release.xcconfig */ = {isa = PBXFileReference; includeInIndex = 1; lastKnownFileType = text.xcconfig; name = "Pods-itunesappUITests.release.xcconfig"; path = "Pods/Target Support Files/Pods-itunesappUITests/Pods-itunesappUITests.release.xcconfig"; sourceTree = "<group>"; };
		213C016F3CB5123A106F0952 /* Pods-itunesapp.release.xcconfig */ = {isa = PBXFileReference; includeInIndex = 1; lastKnownFileType = text.xcconfig; name = "Pods-itunesapp.release.xcconfig"; path = "Pods/Target Support Files/Pods-itunesapp/Pods-itunesapp.release.xcconfig"; sourceTree = "<group>"; };
		2FF8A06DF6206E11F755DBBA /* Pods_itunesappTests.framework */ = {isa = PBXFileReference; explicitFileType = wrapper.framework; includeInIndex = 0; path = Pods_itunesappTests.framework; sourceTree = BUILT_PRODUCTS_DIR; };
		4A9AE7242E13B75B33603C48 /* Pods-itunesappUITests.debug.xcconfig */ = {isa = PBXFileReference; includeInIndex = 1; lastKnownFileType = text.xcconfig; name = "Pods-itunesappUITests.debug.xcconfig"; path = "Pods/Target Support Files/Pods-itunesappUITests/Pods-itunesappUITests.debug.xcconfig"; sourceTree = "<group>"; };
		5389257222C6B7B8007DA3E5 /* itunesapp.app */ = {isa = PBXFileReference; explicitFileType = wrapper.application; includeInIndex = 0; path = itunesapp.app; sourceTree = BUILT_PRODUCTS_DIR; };
		5389257522C6B7B8007DA3E5 /* AppDelegate.swift */ = {isa = PBXFileReference; lastKnownFileType = sourcecode.swift; path = AppDelegate.swift; sourceTree = "<group>"; };
		5389257722C6B7B8007DA3E5 /* AlbumViewController.swift */ = {isa = PBXFileReference; lastKnownFileType = sourcecode.swift; path = AlbumViewController.swift; sourceTree = "<group>"; };
		5389257A22C6B7B8007DA3E5 /* Base */ = {isa = PBXFileReference; lastKnownFileType = file.storyboard; name = Base; path = Base.lproj/Main.storyboard; sourceTree = "<group>"; };
		5389257C22C6B7B9007DA3E5 /* Assets.xcassets */ = {isa = PBXFileReference; lastKnownFileType = folder.assetcatalog; path = Assets.xcassets; sourceTree = "<group>"; };
		5389257F22C6B7B9007DA3E5 /* Base */ = {isa = PBXFileReference; lastKnownFileType = file.storyboard; name = Base; path = Base.lproj/LaunchScreen.storyboard; sourceTree = "<group>"; };
		5389258122C6B7B9007DA3E5 /* Info.plist */ = {isa = PBXFileReference; lastKnownFileType = text.plist.xml; path = Info.plist; sourceTree = "<group>"; };
		5389258622C6B7B9007DA3E5 /* itunesappTests.xctest */ = {isa = PBXFileReference; explicitFileType = wrapper.cfbundle; includeInIndex = 0; path = itunesappTests.xctest; sourceTree = BUILT_PRODUCTS_DIR; };
		5389258A22C6B7B9007DA3E5 /* itunesappTests.swift */ = {isa = PBXFileReference; lastKnownFileType = sourcecode.swift; path = itunesappTests.swift; sourceTree = "<group>"; };
		5389258C22C6B7B9007DA3E5 /* Info.plist */ = {isa = PBXFileReference; lastKnownFileType = text.plist.xml; path = Info.plist; sourceTree = "<group>"; };
		5389259122C6B7B9007DA3E5 /* itunesappUITests.xctest */ = {isa = PBXFileReference; explicitFileType = wrapper.cfbundle; includeInIndex = 0; path = itunesappUITests.xctest; sourceTree = BUILT_PRODUCTS_DIR; };
		5389259522C6B7B9007DA3E5 /* itunesappUITests.swift */ = {isa = PBXFileReference; lastKnownFileType = sourcecode.swift; path = itunesappUITests.swift; sourceTree = "<group>"; };
		5389259722C6B7B9007DA3E5 /* Info.plist */ = {isa = PBXFileReference; lastKnownFileType = text.plist.xml; path = Info.plist; sourceTree = "<group>"; };
		53BD355122C6C4A30084DDC5 /* AlbumTableViewCell.swift */ = {isa = PBXFileReference; lastKnownFileType = sourcecode.swift; path = AlbumTableViewCell.swift; sourceTree = "<group>"; };
		53BD355322C6C66C0084DDC5 /* FeedModel.swift */ = {isa = PBXFileReference; lastKnownFileType = sourcecode.swift; path = FeedModel.swift; sourceTree = "<group>"; };
		53BD355522C6C6DE0084DDC5 /* AuthorModel.swift */ = {isa = PBXFileReference; lastKnownFileType = sourcecode.swift; path = AuthorModel.swift; sourceTree = "<group>"; };
		53BD355922C6CA270084DDC5 /* JSONRespose.swift */ = {isa = PBXFileReference; lastKnownFileType = sourcecode.swift; path = JSONRespose.swift; sourceTree = "<group>"; };
		53BD355D22C6CCB50084DDC5 /* Album.swift */ = {isa = PBXFileReference; lastKnownFileType = sourcecode.swift; path = Album.swift; sourceTree = "<group>"; };
		6308E4F498A52AE381852E55 /* Pods_itunesappUITests.framework */ = {isa = PBXFileReference; explicitFileType = wrapper.framework; includeInIndex = 0; path = Pods_itunesappUITests.framework; sourceTree = BUILT_PRODUCTS_DIR; };
		72EF664DC5F525A6A15A3D04 /* Pods-itunesapp.debug.xcconfig */ = {isa = PBXFileReference; includeInIndex = 1; lastKnownFileType = text.xcconfig; name = "Pods-itunesapp.debug.xcconfig"; path = "Pods/Target Support Files/Pods-itunesapp/Pods-itunesapp.debug.xcconfig"; sourceTree = "<group>"; };
		D665B983E0867E36DADFB875 /* Pods-itunesappTests.debug.xcconfig */ = {isa = PBXFileReference; includeInIndex = 1; lastKnownFileType = text.xcconfig; name = "Pods-itunesappTests.debug.xcconfig"; path = "Pods/Target Support Files/Pods-itunesappTests/Pods-itunesappTests.debug.xcconfig"; sourceTree = "<group>"; };
		DABD3C37AC992DC9BA4D3EBE /* Pods-itunesappTests.release.xcconfig */ = {isa = PBXFileReference; includeInIndex = 1; lastKnownFileType = text.xcconfig; name = "Pods-itunesappTests.release.xcconfig"; path = "Pods/Target Support Files/Pods-itunesappTests/Pods-itunesappTests.release.xcconfig"; sourceTree = "<group>"; };
/* End PBXFileReference section */

/* Begin PBXFrameworksBuildPhase section */
		5389256F22C6B7B8007DA3E5 /* Frameworks */ = {
			isa = PBXFrameworksBuildPhase;
			buildActionMask = 2147483647;
			files = (
				FC01E278742828C69C3AAC27 /* Pods_itunesapp.framework in Frameworks */,
			);
			runOnlyForDeploymentPostprocessing = 0;
		};
		5389258322C6B7B9007DA3E5 /* Frameworks */ = {
			isa = PBXFrameworksBuildPhase;
			buildActionMask = 2147483647;
			files = (
				E5BD6FC4262CDDB9726F6650 /* Pods_itunesappTests.framework in Frameworks */,
			);
			runOnlyForDeploymentPostprocessing = 0;
		};
		5389258E22C6B7B9007DA3E5 /* Frameworks */ = {
			isa = PBXFrameworksBuildPhase;
			buildActionMask = 2147483647;
			files = (
				59AA62691E1693A0320FC574 /* Pods_itunesappUITests.framework in Frameworks */,
			);
			runOnlyForDeploymentPostprocessing = 0;
		};
/* End PBXFrameworksBuildPhase section */

/* Begin PBXGroup section */
		09654BFE153CF71114783FFC /* Pods */ = {
			isa = PBXGroup;
			children = (
				72EF664DC5F525A6A15A3D04 /* Pods-itunesapp.debug.xcconfig */,
				213C016F3CB5123A106F0952 /* Pods-itunesapp.release.xcconfig */,
				D665B983E0867E36DADFB875 /* Pods-itunesappTests.debug.xcconfig */,
				DABD3C37AC992DC9BA4D3EBE /* Pods-itunesappTests.release.xcconfig */,
				4A9AE7242E13B75B33603C48 /* Pods-itunesappUITests.debug.xcconfig */,
				1DB0084A090B4993A3913CBA /* Pods-itunesappUITests.release.xcconfig */,
			);
			name = Pods;
			sourceTree = "<group>";
		};
		5389256922C6B7B8007DA3E5 = {
			isa = PBXGroup;
			children = (
				5389257422C6B7B8007DA3E5 /* itunesapp */,
				5389258922C6B7B9007DA3E5 /* itunesappTests */,
				5389259422C6B7B9007DA3E5 /* itunesappUITests */,
				5389257322C6B7B8007DA3E5 /* Products */,
				09654BFE153CF71114783FFC /* Pods */,
				D04A055B9A1BA2007DF2E550 /* Frameworks */,
			);
			sourceTree = "<group>";
		};
		5389257322C6B7B8007DA3E5 /* Products */ = {
			isa = PBXGroup;
			children = (
				5389257222C6B7B8007DA3E5 /* itunesapp.app */,
				5389258622C6B7B9007DA3E5 /* itunesappTests.xctest */,
				5389259122C6B7B9007DA3E5 /* itunesappUITests.xctest */,
			);
			name = Products;
			sourceTree = "<group>";
		};
		5389257422C6B7B8007DA3E5 /* itunesapp */ = {
			isa = PBXGroup;
			children = (
				5389257522C6B7B8007DA3E5 /* AppDelegate.swift */,
				53BD355822C6C7EF0084DDC5 /* Images */,
				53BD355722C6C7D70084DDC5 /* Utilities */,
				53BD355022C6C36F0084DDC5 /* View */,
				53BD354F22C6C3690084DDC5 /* Model */,
				53BD354E22C6C35C0084DDC5 /* Controller */,
				5389257922C6B7B8007DA3E5 /* Main.storyboard */,
				5389257C22C6B7B9007DA3E5 /* Assets.xcassets */,
				5389257E22C6B7B9007DA3E5 /* LaunchScreen.storyboard */,
				5389258122C6B7B9007DA3E5 /* Info.plist */,
			);
			path = itunesapp;
			sourceTree = "<group>";
		};
		5389258922C6B7B9007DA3E5 /* itunesappTests */ = {
			isa = PBXGroup;
			children = (
				5389258A22C6B7B9007DA3E5 /* itunesappTests.swift */,
				5389258C22C6B7B9007DA3E5 /* Info.plist */,
			);
			path = itunesappTests;
			sourceTree = "<group>";
		};
		5389259422C6B7B9007DA3E5 /* itunesappUITests */ = {
			isa = PBXGroup;
			children = (
				5389259522C6B7B9007DA3E5 /* itunesappUITests.swift */,
				5389259722C6B7B9007DA3E5 /* Info.plist */,
			);
			path = itunesappUITests;
			sourceTree = "<group>";
		};
		53BD354E22C6C35C0084DDC5 /* Controller */ = {
			isa = PBXGroup;
			children = (
				5389257722C6B7B8007DA3E5 /* AlbumViewController.swift */,
			);
			path = Controller;
			sourceTree = "<group>";
		};
		53BD354F22C6C3690084DDC5 /* Model */ = {
			isa = PBXGroup;
			children = (
				53BD355322C6C66C0084DDC5 /* FeedModel.swift */,
				53BD355522C6C6DE0084DDC5 /* AuthorModel.swift */,
				53BD355922C6CA270084DDC5 /* JSONRespose.swift */,
				53BD355D22C6CCB50084DDC5 /* Album.swift */,
			);
			path = Model;
			sourceTree = "<group>";
		};
		53BD355022C6C36F0084DDC5 /* View */ = {
			isa = PBXGroup;
			children = (
				53BD355122C6C4A30084DDC5 /* AlbumTableViewCell.swift */,
			);
			path = View;
			sourceTree = "<group>";
		};
		53BD355722C6C7D70084DDC5 /* Utilities */ = {
			isa = PBXGroup;
			children = (
			);
			path = Utilities;
			sourceTree = "<group>";
		};
		53BD355822C6C7EF0084DDC5 /* Images */ = {
			isa = PBXGroup;
			children = (
			);
			path = Images;
			sourceTree = "<group>";
		};
		D04A055B9A1BA2007DF2E550 /* Frameworks */ = {
			isa = PBXGroup;
			children = (
				02210528AE0679AAE6F1703A /* Pods_itunesapp.framework */,
				2FF8A06DF6206E11F755DBBA /* Pods_itunesappTests.framework */,
				6308E4F498A52AE381852E55 /* Pods_itunesappUITests.framework */,
			);
			name = Frameworks;
			sourceTree = "<group>";
		};
/* End PBXGroup section */

/* Begin PBXNativeTarget section */
		5389257122C6B7B8007DA3E5 /* itunesapp */ = {
			isa = PBXNativeTarget;
			buildConfigurationList = 5389259A22C6B7B9007DA3E5 /* Build configuration list for PBXNativeTarget "itunesapp" */;
			buildPhases = (
				4119E276F3DB0195CF536763 /* [CP] Check Pods Manifest.lock */,
				5389256E22C6B7B8007DA3E5 /* Sources */,
				5389256F22C6B7B8007DA3E5 /* Frameworks */,
				5389257022C6B7B8007DA3E5 /* Resources */,
				49CE92028090020394377168 /* [CP] Embed Pods Frameworks */,
			);
			buildRules = (
			);
			dependencies = (
			);
			name = itunesapp;
			productName = itunesapp;
			productReference = 5389257222C6B7B8007DA3E5 /* itunesapp.app */;
			productType = "com.apple.product-type.application";
		};
		5389258522C6B7B9007DA3E5 /* itunesappTests */ = {
			isa = PBXNativeTarget;
			buildConfigurationList = 5389259D22C6B7B9007DA3E5 /* Build configuration list for PBXNativeTarget "itunesappTests" */;
			buildPhases = (
				86BC8733CEB7991030EF0132 /* [CP] Check Pods Manifest.lock */,
				5389258222C6B7B9007DA3E5 /* Sources */,
				5389258322C6B7B9007DA3E5 /* Frameworks */,
				5389258422C6B7B9007DA3E5 /* Resources */,
			);
			buildRules = (
			);
			dependencies = (
				5389258822C6B7B9007DA3E5 /* PBXTargetDependency */,
			);
			name = itunesappTests;
			productName = itunesappTests;
			productReference = 5389258622C6B7B9007DA3E5 /* itunesappTests.xctest */;
			productType = "com.apple.product-type.bundle.unit-test";
		};
		5389259022C6B7B9007DA3E5 /* itunesappUITests */ = {
			isa = PBXNativeTarget;
			buildConfigurationList = 538925A022C6B7B9007DA3E5 /* Build configuration list for PBXNativeTarget "itunesappUITests" */;
			buildPhases = (
				A418E29F33B99E69C3D17263 /* [CP] Check Pods Manifest.lock */,
				5389258D22C6B7B9007DA3E5 /* Sources */,
				5389258E22C6B7B9007DA3E5 /* Frameworks */,
				5389258F22C6B7B9007DA3E5 /* Resources */,
			);
			buildRules = (
			);
			dependencies = (
				5389259322C6B7B9007DA3E5 /* PBXTargetDependency */,
			);
			name = itunesappUITests;
			productName = itunesappUITests;
			productReference = 5389259122C6B7B9007DA3E5 /* itunesappUITests.xctest */;
			productType = "com.apple.product-type.bundle.ui-testing";
		};
/* End PBXNativeTarget section */

/* Begin PBXProject section */
		5389256A22C6B7B8007DA3E5 /* Project object */ = {
			isa = PBXProject;
			attributes = {
				LastSwiftUpdateCheck = 1020;
				LastUpgradeCheck = 1020;
				ORGANIZATIONNAME = "Amit Biswas";
				TargetAttributes = {
					5389257122C6B7B8007DA3E5 = {
						CreatedOnToolsVersion = 10.2.1;
					};
					5389258522C6B7B9007DA3E5 = {
						CreatedOnToolsVersion = 10.2.1;
						TestTargetID = 5389257122C6B7B8007DA3E5;
					};
					5389259022C6B7B9007DA3E5 = {
						CreatedOnToolsVersion = 10.2.1;
						TestTargetID = 5389257122C6B7B8007DA3E5;
					};
				};
			};
			buildConfigurationList = 5389256D22C6B7B8007DA3E5 /* Build configuration list for PBXProject "itunesapp" */;
			compatibilityVersion = "Xcode 9.3";
			developmentRegion = en;
			hasScannedForEncodings = 0;
			knownRegions = (
				en,
				Base,
			);
			mainGroup = 5389256922C6B7B8007DA3E5;
			productRefGroup = 5389257322C6B7B8007DA3E5 /* Products */;
			projectDirPath = "";
			projectRoot = "";
			targets = (
				5389257122C6B7B8007DA3E5 /* itunesapp */,
				5389258522C6B7B9007DA3E5 /* itunesappTests */,
				5389259022C6B7B9007DA3E5 /* itunesappUITests */,
			);
		};
/* End PBXProject section */

/* Begin PBXResourcesBuildPhase section */
		5389257022C6B7B8007DA3E5 /* Resources */ = {
			isa = PBXResourcesBuildPhase;
			buildActionMask = 2147483647;
			files = (
				5389258022C6B7B9007DA3E5 /* LaunchScreen.storyboard in Resources */,
				5389257D22C6B7B9007DA3E5 /* Assets.xcassets in Resources */,
				5389257B22C6B7B8007DA3E5 /* Main.storyboard in Resources */,
			);
			runOnlyForDeploymentPostprocessing = 0;
		};
		5389258422C6B7B9007DA3E5 /* Resources */ = {
			isa = PBXResourcesBuildPhase;
			buildActionMask = 2147483647;
			files = (
			);
			runOnlyForDeploymentPostprocessing = 0;
		};
		5389258F22C6B7B9007DA3E5 /* Resources */ = {
			isa = PBXResourcesBuildPhase;
			buildActionMask = 2147483647;
			files = (
			);
			runOnlyForDeploymentPostprocessing = 0;
		};
/* End PBXResourcesBuildPhase section */

/* Begin PBXShellScriptBuildPhase section */
		4119E276F3DB0195CF536763 /* [CP] Check Pods Manifest.lock */ = {
			isa = PBXShellScriptBuildPhase;
			buildActionMask = 2147483647;
			files = (
			);
			inputFileListPaths = (
			);
			inputPaths = (
				"${PODS_PODFILE_DIR_PATH}/Podfile.lock",
				"${PODS_ROOT}/Manifest.lock",
			);
			name = "[CP] Check Pods Manifest.lock";
			outputFileListPaths = (
			);
			outputPaths = (
				"$(DERIVED_FILE_DIR)/Pods-itunesapp-checkManifestLockResult.txt",
			);
			runOnlyForDeploymentPostprocessing = 0;
			shellPath = /bin/sh;
			shellScript = "diff \"${PODS_PODFILE_DIR_PATH}/Podfile.lock\" \"${PODS_ROOT}/Manifest.lock\" > /dev/null\nif [ $? != 0 ] ; then\n    # print error to STDERR\n    echo \"error: The sandbox is not in sync with the Podfile.lock. Run 'pod install' or update your CocoaPods installation.\" >&2\n    exit 1\nfi\n# This output is used by Xcode 'outputs' to avoid re-running this script phase.\necho \"SUCCESS\" > \"${SCRIPT_OUTPUT_FILE_0}\"\n";
			showEnvVarsInLog = 0;
		};
		49CE92028090020394377168 /* [CP] Embed Pods Frameworks */ = {
			isa = PBXShellScriptBuildPhase;
			buildActionMask = 2147483647;
			files = (
			);
			inputFileListPaths = (
			);
			inputPaths = (
				"${SRCROOT}/Pods/Target Support Files/Pods-itunesapp/Pods-itunesapp-frameworks.sh",
				"${BUILT_PRODUCTS_DIR}/Alamofire/Alamofire.framework",
				"${BUILT_PRODUCTS_DIR}/SwiftyJSON/SwiftyJSON.framework",
			);
			name = "[CP] Embed Pods Frameworks";
			outputFileListPaths = (
			);
			outputPaths = (
				"${TARGET_BUILD_DIR}/${FRAMEWORKS_FOLDER_PATH}/Alamofire.framework",
				"${TARGET_BUILD_DIR}/${FRAMEWORKS_FOLDER_PATH}/SwiftyJSON.framework",
			);
			runOnlyForDeploymentPostprocessing = 0;
			shellPath = /bin/sh;
			shellScript = "\"${SRCROOT}/Pods/Target Support Files/Pods-itunesapp/Pods-itunesapp-frameworks.sh\"\n";
			showEnvVarsInLog = 0;
		};
		86BC8733CEB7991030EF0132 /* [CP] Check Pods Manifest.lock */ = {
			isa = PBXShellScriptBuildPhase;
			buildActionMask = 2147483647;
			files = (
			);
			inputFileListPaths = (
			);
			inputPaths = (
				"${PODS_PODFILE_DIR_PATH}/Podfile.lock",
				"${PODS_ROOT}/Manifest.lock",
			);
			name = "[CP] Check Pods Manifest.lock";
			outputFileListPaths = (
			);
			outputPaths = (
				"$(DERIVED_FILE_DIR)/Pods-itunesappTests-checkManifestLockResult.txt",
			);
			runOnlyForDeploymentPostprocessing = 0;
			shellPath = /bin/sh;
			shellScript = "diff \"${PODS_PODFILE_DIR_PATH}/Podfile.lock\" \"${PODS_ROOT}/Manifest.lock\" > /dev/null\nif [ $? != 0 ] ; then\n    # print error to STDERR\n    echo \"error: The sandbox is not in sync with the Podfile.lock. Run 'pod install' or update your CocoaPods installation.\" >&2\n    exit 1\nfi\n# This output is used by Xcode 'outputs' to avoid re-running this script phase.\necho \"SUCCESS\" > \"${SCRIPT_OUTPUT_FILE_0}\"\n";
			showEnvVarsInLog = 0;
		};
		A418E29F33B99E69C3D17263 /* [CP] Check Pods Manifest.lock */ = {
			isa = PBXShellScriptBuildPhase;
			buildActionMask = 2147483647;
			files = (
			);
			inputFileListPaths = (
			);
			inputPaths = (
				"${PODS_PODFILE_DIR_PATH}/Podfile.lock",
				"${PODS_ROOT}/Manifest.lock",
			);
			name = "[CP] Check Pods Manifest.lock";
			outputFileListPaths = (
			);
			outputPaths = (
				"$(DERIVED_FILE_DIR)/Pods-itunesappUITests-checkManifestLockResult.txt",
			);
			runOnlyForDeploymentPostprocessing = 0;
			shellPath = /bin/sh;
			shellScript = "diff \"${PODS_PODFILE_DIR_PATH}/Podfile.lock\" \"${PODS_ROOT}/Manifest.lock\" > /dev/null\nif [ $? != 0 ] ; then\n    # print error to STDERR\n    echo \"error: The sandbox is not in sync with the Podfile.lock. Run 'pod install' or update your CocoaPods installation.\" >&2\n    exit 1\nfi\n# This output is used by Xcode 'outputs' to avoid re-running this script phase.\necho \"SUCCESS\" > \"${SCRIPT_OUTPUT_FILE_0}\"\n";
			showEnvVarsInLog = 0;
		};
/* End PBXShellScriptBuildPhase section */

/* Begin PBXSourcesBuildPhase section */
		5389256E22C6B7B8007DA3E5 /* Sources */ = {
			isa = PBXSourcesBuildPhase;
			buildActionMask = 2147483647;
			files = (
				5389257822C6B7B8007DA3E5 /* AlbumViewController.swift in Sources */,
				53BD355A22C6CA270084DDC5 /* JSONRespose.swift in Sources */,
				53BD355622C6C6DE0084DDC5 /* AuthorModel.swift in Sources */,
				53BD355422C6C66C0084DDC5 /* FeedModel.swift in Sources */,
				5389257622C6B7B8007DA3E5 /* AppDelegate.swift in Sources */,
				53BD355E22C6CCB50084DDC5 /* Album.swift in Sources */,
				53BD355222C6C4A30084DDC5 /* AlbumTableViewCell.swift in Sources */,
			);
			runOnlyForDeploymentPostprocessing = 0;
		};
		5389258222C6B7B9007DA3E5 /* Sources */ = {
			isa = PBXSourcesBuildPhase;
			buildActionMask = 2147483647;
			files = (
				5389258B22C6B7B9007DA3E5 /* itunesappTests.swift in Sources */,
			);
			runOnlyForDeploymentPostprocessing = 0;
		};
		5389258D22C6B7B9007DA3E5 /* Sources */ = {
			isa = PBXSourcesBuildPhase;
			buildActionMask = 2147483647;
			files = (
				5389259622C6B7B9007DA3E5 /* itunesappUITests.swift in Sources */,
			);
			runOnlyForDeploymentPostprocessing = 0;
		};
/* End PBXSourcesBuildPhase section */

/* Begin PBXTargetDependency section */
		5389258822C6B7B9007DA3E5 /* PBXTargetDependency */ = {
			isa = PBXTargetDependency;
			target = 5389257122C6B7B8007DA3E5 /* itunesapp */;
			targetProxy = 5389258722C6B7B9007DA3E5 /* PBXContainerItemProxy */;
		};
		5389259322C6B7B9007DA3E5 /* PBXTargetDependency */ = {
			isa = PBXTargetDependency;
			target = 5389257122C6B7B8007DA3E5 /* itunesapp */;
			targetProxy = 5389259222C6B7B9007DA3E5 /* PBXContainerItemProxy */;
		};
/* End PBXTargetDependency section */

/* Begin PBXVariantGroup section */
		5389257922C6B7B8007DA3E5 /* Main.storyboard */ = {
			isa = PBXVariantGroup;
			children = (
				5389257A22C6B7B8007DA3E5 /* Base */,
			);
			name = Main.storyboard;
			sourceTree = "<group>";
		};
		5389257E22C6B7B9007DA3E5 /* LaunchScreen.storyboard */ = {
			isa = PBXVariantGroup;
			children = (
				5389257F22C6B7B9007DA3E5 /* Base */,
			);
			name = LaunchScreen.storyboard;
			sourceTree = "<group>";
		};
/* End PBXVariantGroup section */

/* Begin XCBuildConfiguration section */
		5389259822C6B7B9007DA3E5 /* Debug */ = {
			isa = XCBuildConfiguration;
			buildSettings = {
				ALWAYS_SEARCH_USER_PATHS = NO;
				CLANG_ANALYZER_NONNULL = YES;
				CLANG_ANALYZER_NUMBER_OBJECT_CONVERSION = YES_AGGRESSIVE;
				CLANG_CXX_LANGUAGE_STANDARD = "gnu++14";
				CLANG_CXX_LIBRARY = "libc++";
				CLANG_ENABLE_MODULES = YES;
				CLANG_ENABLE_OBJC_ARC = YES;
				CLANG_ENABLE_OBJC_WEAK = YES;
				CLANG_WARN_BLOCK_CAPTURE_AUTORELEASING = YES;
				CLANG_WARN_BOOL_CONVERSION = YES;
				CLANG_WARN_COMMA = YES;
				CLANG_WARN_CONSTANT_CONVERSION = YES;
				CLANG_WARN_DEPRECATED_OBJC_IMPLEMENTATIONS = YES;
				CLANG_WARN_DIRECT_OBJC_ISA_USAGE = YES_ERROR;
				CLANG_WARN_DOCUMENTATION_COMMENTS = YES;
				CLANG_WARN_EMPTY_BODY = YES;
				CLANG_WARN_ENUM_CONVERSION = YES;
				CLANG_WARN_INFINITE_RECURSION = YES;
				CLANG_WARN_INT_CONVERSION = YES;
				CLANG_WARN_NON_LITERAL_NULL_CONVERSION = YES;
				CLANG_WARN_OBJC_IMPLICIT_RETAIN_SELF = YES;
				CLANG_WARN_OBJC_LITERAL_CONVERSION = YES;
				CLANG_WARN_OBJC_ROOT_CLASS = YES_ERROR;
				CLANG_WARN_RANGE_LOOP_ANALYSIS = YES;
				CLANG_WARN_STRICT_PROTOTYPES = YES;
				CLANG_WARN_SUSPICIOUS_MOVE = YES;
				CLANG_WARN_UNGUARDED_AVAILABILITY = YES_AGGRESSIVE;
				CLANG_WARN_UNREACHABLE_CODE = YES;
				CLANG_WARN__DUPLICATE_METHOD_MATCH = YES;
				CODE_SIGN_IDENTITY = "iPhone Developer";
				COPY_PHASE_STRIP = NO;
				DEBUG_INFORMATION_FORMAT = dwarf;
				ENABLE_STRICT_OBJC_MSGSEND = YES;
				ENABLE_TESTABILITY = YES;
				GCC_C_LANGUAGE_STANDARD = gnu11;
				GCC_DYNAMIC_NO_PIC = NO;
				GCC_NO_COMMON_BLOCKS = YES;
				GCC_OPTIMIZATION_LEVEL = 0;
				GCC_PREPROCESSOR_DEFINITIONS = (
					"DEBUG=1",
					"$(inherited)",
				);
				GCC_WARN_64_TO_32_BIT_CONVERSION = YES;
				GCC_WARN_ABOUT_RETURN_TYPE = YES_ERROR;
				GCC_WARN_UNDECLARED_SELECTOR = YES;
				GCC_WARN_UNINITIALIZED_AUTOS = YES_AGGRESSIVE;
				GCC_WARN_UNUSED_FUNCTION = YES;
				GCC_WARN_UNUSED_VARIABLE = YES;
				IPHONEOS_DEPLOYMENT_TARGET = 12.2;
				MTL_ENABLE_DEBUG_INFO = INCLUDE_SOURCE;
				MTL_FAST_MATH = YES;
				ONLY_ACTIVE_ARCH = YES;
				SDKROOT = iphoneos;
				SWIFT_ACTIVE_COMPILATION_CONDITIONS = DEBUG;
				SWIFT_OPTIMIZATION_LEVEL = "-Onone";
			};
			name = Debug;
		};
		5389259922C6B7B9007DA3E5 /* Release */ = {
			isa = XCBuildConfiguration;
			buildSettings = {
				ALWAYS_SEARCH_USER_PATHS = NO;
				CLANG_ANALYZER_NONNULL = YES;
				CLANG_ANALYZER_NUMBER_OBJECT_CONVERSION = YES_AGGRESSIVE;
				CLANG_CXX_LANGUAGE_STANDARD = "gnu++14";
				CLANG_CXX_LIBRARY = "libc++";
				CLANG_ENABLE_MODULES = YES;
				CLANG_ENABLE_OBJC_ARC = YES;
				CLANG_ENABLE_OBJC_WEAK = YES;
				CLANG_WARN_BLOCK_CAPTURE_AUTORELEASING = YES;
				CLANG_WARN_BOOL_CONVERSION = YES;
				CLANG_WARN_COMMA = YES;
				CLANG_WARN_CONSTANT_CONVERSION = YES;
				CLANG_WARN_DEPRECATED_OBJC_IMPLEMENTATIONS = YES;
				CLANG_WARN_DIRECT_OBJC_ISA_USAGE = YES_ERROR;
				CLANG_WARN_DOCUMENTATION_COMMENTS = YES;
				CLANG_WARN_EMPTY_BODY = YES;
				CLANG_WARN_ENUM_CONVERSION = YES;
				CLANG_WARN_INFINITE_RECURSION = YES;
				CLANG_WARN_INT_CONVERSION = YES;
				CLANG_WARN_NON_LITERAL_NULL_CONVERSION = YES;
				CLANG_WARN_OBJC_IMPLICIT_RETAIN_SELF = YES;
				CLANG_WARN_OBJC_LITERAL_CONVERSION = YES;
				CLANG_WARN_OBJC_ROOT_CLASS = YES_ERROR;
				CLANG_WARN_RANGE_LOOP_ANALYSIS = YES;
				CLANG_WARN_STRICT_PROTOTYPES = YES;
				CLANG_WARN_SUSPICIOUS_MOVE = YES;
				CLANG_WARN_UNGUARDED_AVAILABILITY = YES_AGGRESSIVE;
				CLANG_WARN_UNREACHABLE_CODE = YES;
				CLANG_WARN__DUPLICATE_METHOD_MATCH = YES;
				CODE_SIGN_IDENTITY = "iPhone Developer";
				COPY_PHASE_STRIP = NO;
				DEBUG_INFORMATION_FORMAT = "dwarf-with-dsym";
				ENABLE_NS_ASSERTIONS = NO;
				ENABLE_STRICT_OBJC_MSGSEND = YES;
				GCC_C_LANGUAGE_STANDARD = gnu11;
				GCC_NO_COMMON_BLOCKS = YES;
				GCC_WARN_64_TO_32_BIT_CONVERSION = YES;
				GCC_WARN_ABOUT_RETURN_TYPE = YES_ERROR;
				GCC_WARN_UNDECLARED_SELECTOR = YES;
				GCC_WARN_UNINITIALIZED_AUTOS = YES_AGGRESSIVE;
				GCC_WARN_UNUSED_FUNCTION = YES;
				GCC_WARN_UNUSED_VARIABLE = YES;
				IPHONEOS_DEPLOYMENT_TARGET = 12.2;
				MTL_ENABLE_DEBUG_INFO = NO;
				MTL_FAST_MATH = YES;
				SDKROOT = iphoneos;
				SWIFT_COMPILATION_MODE = wholemodule;
				SWIFT_OPTIMIZATION_LEVEL = "-O";
				VALIDATE_PRODUCT = YES;
			};
			name = Release;
		};
		5389259B22C6B7B9007DA3E5 /* Debug */ = {
			isa = XCBuildConfiguration;
			baseConfigurationReference = 72EF664DC5F525A6A15A3D04 /* Pods-itunesapp.debug.xcconfig */;
			buildSettings = {
				ASSETCATALOG_COMPILER_APPICON_NAME = AppIcon;
				CODE_SIGN_STYLE = Automatic;
				DEVELOPMENT_TEAM = 8CW2632N57;
				INFOPLIST_FILE = itunesapp/Info.plist;
				LD_RUNPATH_SEARCH_PATHS = (
					"$(inherited)",
					"@executable_path/Frameworks",
				);
				PRODUCT_BUNDLE_IDENTIFIER = com.sample.wireviewer.itunesapp;
				PRODUCT_NAME = "$(TARGET_NAME)";
				SWIFT_VERSION = 4.2;
				TARGETED_DEVICE_FAMILY = "1,2";
			};
			name = Debug;
		};
		5389259C22C6B7B9007DA3E5 /* Release */ = {
			isa = XCBuildConfiguration;
			baseConfigurationReference = 213C016F3CB5123A106F0952 /* Pods-itunesapp.release.xcconfig */;
			buildSettings = {
				ASSETCATALOG_COMPILER_APPICON_NAME = AppIcon;
				CODE_SIGN_STYLE = Automatic;
				DEVELOPMENT_TEAM = 8CW2632N57;
				INFOPLIST_FILE = itunesapp/Info.plist;
				LD_RUNPATH_SEARCH_PATHS = (
					"$(inherited)",
					"@executable_path/Frameworks",
				);
				PRODUCT_BUNDLE_IDENTIFIER = com.sample.wireviewer.itunesapp;
				PRODUCT_NAME = "$(TARGET_NAME)";
				SWIFT_VERSION = 4.2;
				TARGETED_DEVICE_FAMILY = "1,2";
			};
			name = Release;
		};
		5389259E22C6B7B9007DA3E5 /* Debug */ = {
			isa = XCBuildConfiguration;
			baseConfigurationReference = D665B983E0867E36DADFB875 /* Pods-itunesappTests.debug.xcconfig */;
			buildSettings = {
				ALWAYS_EMBED_SWIFT_STANDARD_LIBRARIES = YES;
				BUNDLE_LOADER = "$(TEST_HOST)";
				CODE_SIGN_STYLE = Automatic;
				DEVELOPMENT_TEAM = 8CW2632N57;
				INFOPLIST_FILE = itunesappTests/Info.plist;
				LD_RUNPATH_SEARCH_PATHS = (
					"$(inherited)",
					"@executable_path/Frameworks",
					"@loader_path/Frameworks",
				);
				PRODUCT_BUNDLE_IDENTIFIER = com.sample.wireviewer.itunesappTests;
				PRODUCT_NAME = "$(TARGET_NAME)";
				SWIFT_VERSION = 5.0;
				TARGETED_DEVICE_FAMILY = "1,2";
				TEST_HOST = "$(BUILT_PRODUCTS_DIR)/itunesapp.app/itunesapp";
			};
			name = Debug;
		};
		5389259F22C6B7B9007DA3E5 /* Release */ = {
			isa = XCBuildConfiguration;
			baseConfigurationReference = DABD3C37AC992DC9BA4D3EBE /* Pods-itunesappTests.release.xcconfig */;
			buildSettings = {
				ALWAYS_EMBED_SWIFT_STANDARD_LIBRARIES = YES;
				BUNDLE_LOADER = "$(TEST_HOST)";
				CODE_SIGN_STYLE = Automatic;
				DEVELOPMENT_TEAM = 8CW2632N57;
				INFOPLIST_FILE = itunesappTests/Info.plist;
				LD_RUNPATH_SEARCH_PATHS = (
					"$(inherited)",
					"@executable_path/Frameworks",
					"@loader_path/Frameworks",
				);
				PRODUCT_BUNDLE_IDENTIFIER = com.sample.wireviewer.itunesappTests;
				PRODUCT_NAME = "$(TARGET_NAME)";
				SWIFT_VERSION = 5.0;
				TARGETED_DEVICE_FAMILY = "1,2";
				TEST_HOST = "$(BUILT_PRODUCTS_DIR)/itunesapp.app/itunesapp";
			};
			name = Release;
		};
		538925A122C6B7B9007DA3E5 /* Debug */ = {
			isa = XCBuildConfiguration;
			baseConfigurationReference = 4A9AE7242E13B75B33603C48 /* Pods-itunesappUITests.debug.xcconfig */;
			buildSettings = {
				ALWAYS_EMBED_SWIFT_STANDARD_LIBRARIES = YES;
				CODE_SIGN_STYLE = Automatic;
				DEVELOPMENT_TEAM = 8CW2632N57;
				INFOPLIST_FILE = itunesappUITests/Info.plist;
				LD_RUNPATH_SEARCH_PATHS = (
					"$(inherited)",
					"@executable_path/Frameworks",
					"@loader_path/Frameworks",
				);
				PRODUCT_BUNDLE_IDENTIFIER = com.sample.wireviewer.itunesappUITests;
				PRODUCT_NAME = "$(TARGET_NAME)";
				SWIFT_VERSION = 5.0;
				TARGETED_DEVICE_FAMILY = "1,2";
				TEST_TARGET_NAME = itunesapp;
			};
			name = Debug;
		};
		538925A222C6B7B9007DA3E5 /* Release */ = {
			isa = XCBuildConfiguration;
			baseConfigurationReference = 1DB0084A090B4993A3913CBA /* Pods-itunesappUITests.release.xcconfig */;
			buildSettings = {
				ALWAYS_EMBED_SWIFT_STANDARD_LIBRARIES = YES;
				CODE_SIGN_STYLE = Automatic;
				DEVELOPMENT_TEAM = 8CW2632N57;
				INFOPLIST_FILE = itunesappUITests/Info.plist;
				LD_RUNPATH_SEARCH_PATHS = (
					"$(inherited)",
					"@executable_path/Frameworks",
					"@loader_path/Frameworks",
				);
				PRODUCT_BUNDLE_IDENTIFIER = com.sample.wireviewer.itunesappUITests;
				PRODUCT_NAME = "$(TARGET_NAME)";
				SWIFT_VERSION = 5.0;
				TARGETED_DEVICE_FAMILY = "1,2";
				TEST_TARGET_NAME = itunesapp;
			};
			name = Release;
		};
/* End XCBuildConfiguration section */

/* Begin XCConfigurationList section */
		5389256D22C6B7B8007DA3E5 /* Build configuration list for PBXProject "itunesapp" */ = {
			isa = XCConfigurationList;
			buildConfigurations = (
				5389259822C6B7B9007DA3E5 /* Debug */,
				5389259922C6B7B9007DA3E5 /* Release */,
			);
			defaultConfigurationIsVisible = 0;
			defaultConfigurationName = Release;
		};
		5389259A22C6B7B9007DA3E5 /* Build configuration list for PBXNativeTarget "itunesapp" */ = {
			isa = XCConfigurationList;
			buildConfigurations = (
				5389259B22C6B7B9007DA3E5 /* Debug */,
				5389259C22C6B7B9007DA3E5 /* Release */,
			);
			defaultConfigurationIsVisible = 0;
			defaultConfigurationName = Release;
		};
		5389259D22C6B7B9007DA3E5 /* Build configuration list for PBXNativeTarget "itunesappTests" */ = {
			isa = XCConfigurationList;
			buildConfigurations = (
				5389259E22C6B7B9007DA3E5 /* Debug */,
				5389259F22C6B7B9007DA3E5 /* Release */,
			);
			defaultConfigurationIsVisible = 0;
			defaultConfigurationName = Release;
		};
		538925A022C6B7B9007DA3E5 /* Build configuration list for PBXNativeTarget "itunesappUITests" */ = {
			isa = XCConfigurationList;
			buildConfigurations = (
				538925A122C6B7B9007DA3E5 /* Debug */,
				538925A222C6B7B9007DA3E5 /* Release */,
			);
			defaultConfigurationIsVisible = 0;
			defaultConfigurationName = Release;
		};
/* End XCConfigurationList section */
	};
	rootObject = 5389256A22C6B7B8007DA3E5 /* Project object */;
}
